
Microsoft Visual Studio Solution File, Format Version 12.00
# Visual Studio Version 16
VisualStudioVersion = 16.0.29411.108
MinimumVisualStudioVersion = 10.0.40219.1
Project("{FAE04EC0-301F-11D3-BF4B-00C04F79EFBC}") = "CSharpNetworking", "CSharpNetworking\CSharpNetworking.csproj", "{0AFCD668-3C02-4E85-A87C-82A85660FA2B}"
EndProject
Project("{FAE04EC0-301F-11D3-BF4B-00C04F79EFBC}") = "ExampleTCPClient", "ExampleTCPClient\ExampleTCPClient.csproj", "{D3A1B624-0569-4AD7-9FB7-3BA7DF4557D3}"
EndProject
Project("{FAE04EC0-301F-11D3-BF4B-00C04F79EFBC}") = "ExampleTCPServer", "ExampleTCPServer\ExampleTCPServer.csproj", "{9C2ABDD3-882A-4608-B463-C100984633D9}"
EndProject
Project("{FAE04EC0-301F-11D3-BF4B-00C04F79EFBC}") = "ExampleWebSocketServer", "ExampleWebSocketServer\ExampleWebSocketServer.csproj", "{AC162B3F-DEF2-4963-9B83-DBB3CB818341}"
EndProject
Global
	GlobalSection(SolutionConfigurationPlatforms) = preSolution
		Debug|Any CPU = Debug|Any CPU
		Release|Any CPU = Release|Any CPU
	EndGlobalSection
	GlobalSection(ProjectConfigurationPlatforms) = postSolution
		{0AFCD668-3C02-4E85-A87C-82A85660FA2B}.Debug|Any CPU.ActiveCfg = Debug|Any CPU
		{0AFCD668-3C02-4E85-A87C-82A85660FA2B}.Debug|Any CPU.Build.0 = Debug|Any CPU
		{0AFCD668-3C02-4E85-A87C-82A85660FA2B}.Release|Any CPU.ActiveCfg = Release|Any CPU
		{0AFCD668-3C02-4E85-A87C-82A85660FA2B}.Release|Any CPU.Build.0 = Release|Any CPU
		{D3A1B624-0569-4AD7-9FB7-3BA7DF4557D3}.Debug|Any CPU.ActiveCfg = Debug|Any CPU
		{D3A1B624-0569-4AD7-9FB7-3BA7DF4557D3}.Debug|Any CPU.Build.0 = Debug|Any CPU
		{D3A1B624-0569-4AD7-9FB7-3BA7DF4557D3}.Release|Any CPU.ActiveCfg = Release|Any CPU
		{D3A1B624-0569-4AD7-9FB7-3BA7DF4557D3}.Release|Any CPU.Build.0 = Release|Any CPU
		{9C2ABDD3-882A-4608-B463-C100984633D9}.Debug|Any CPU.ActiveCfg = Debug|Any CPU
		{9C2ABDD3-882A-4608-B463-C100984633D9}.Debug|Any CPU.Build.0 = Debug|Any CPU
		{9C2ABDD3-882A-4608-B463-C100984633D9}.Release|Any CPU.ActiveCfg = Release|Any CPU
		{9C2ABDD3-882A-4608-B463-C100984633D9}.Release|Any CPU.Build.0 = Release|Any CPU
		{AC162B3F-DEF2-4963-9B83-DBB3CB818341}.Debug|Any CPU.ActiveCfg = Debug|Any CPU
		{AC162B3F-DEF2-4963-9B83-DBB3CB818341}.Debug|Any CPU.Build.0 = Debug|Any CPU
		{AC162B3F-DEF2-4963-9B83-DBB3CB818341}.Release|Any CPU.ActiveCfg = Release|Any CPU
		{AC162B3F-DEF2-4963-9B83-DBB3CB818341}.Release|Any CPU.Build.0 = Release|Any CPU
	EndGlobalSection
	GlobalSection(SolutionProperties) = preSolution
		HideSolutionNode = FALSE
	EndGlobalSection
	GlobalSection(ExtensibilityGlobals) = postSolution
		SolutionGuid = {57BF0D50-43C9-431F-9639-74E9A5E1A9E2}
	EndGlobalSection
EndGlobal
